
Microsoft Visual Studio Solution File, Format Version 12.00
# Visual Studio Version 16
VisualStudioVersion = 16.0.28922.388
MinimumVisualStudioVersion = 10.0.40219.1
Project("{9A19103F-16F7-4668-BE54-9A1E7A4F7556}") = "ApiFarmarciaElvis", "ApiFarmarciaElvis\ApiFarmarciaElvis.csproj", "{33392122-540A-4466-893E-F8D9CBA2D421}"
EndProject
Project("{FAE04EC0-301F-11D3-BF4B-00C04F79EFBC}") = "ApiFarmaciaElvis.Entidades", "ApiFarmaciaElvis.Entidades\ApiFarmaciaElvis.Entidades.csproj", "{0E3BDAB7-2752-46DD-81F0-41D44E9599C7}"
EndProject
Project("{FAE04EC0-301F-11D3-BF4B-00C04F79EFBC}") = "ApiFarmaciaElvis.Repositorios", "ApiFarmaciaElvis.Repositorios\ApiFarmaciaElvis.Repositorios.csproj", "{C4F1F264-9498-4EAB-AAA7-1C944E433A46}"
EndProject
Global
	GlobalSection(SolutionConfigurationPlatforms) = preSolution
		Debug|Any CPU = Debug|Any CPU
		Release|Any CPU = Release|Any CPU
	EndGlobalSection
	GlobalSection(ProjectConfigurationPlatforms) = postSolution
		{33392122-540A-4466-893E-F8D9CBA2D421}.Debug|Any CPU.ActiveCfg = Debug|Any CPU
		{33392122-540A-4466-893E-F8D9CBA2D421}.Debug|Any CPU.Build.0 = Debug|Any CPU
		{33392122-540A-4466-893E-F8D9CBA2D421}.Release|Any CPU.ActiveCfg = Release|Any CPU
		{33392122-540A-4466-893E-F8D9CBA2D421}.Release|Any CPU.Build.0 = Release|Any CPU
		{0E3BDAB7-2752-46DD-81F0-41D44E9599C7}.Debug|Any CPU.ActiveCfg = Debug|Any CPU
		{0E3BDAB7-2752-46DD-81F0-41D44E9599C7}.Debug|Any CPU.Build.0 = Debug|Any CPU
		{0E3BDAB7-2752-46DD-81F0-41D44E9599C7}.Release|Any CPU.ActiveCfg = Release|Any CPU
		{0E3BDAB7-2752-46DD-81F0-41D44E9599C7}.Release|Any CPU.Build.0 = Release|Any CPU
		{C4F1F264-9498-4EAB-AAA7-1C944E433A46}.Debug|Any CPU.ActiveCfg = Debug|Any CPU
		{C4F1F264-9498-4EAB-AAA7-1C944E433A46}.Debug|Any CPU.Build.0 = Debug|Any CPU
		{C4F1F264-9498-4EAB-AAA7-1C944E433A46}.Release|Any CPU.ActiveCfg = Release|Any CPU
		{C4F1F264-9498-4EAB-AAA7-1C944E433A46}.Release|Any CPU.Build.0 = Release|Any CPU
	EndGlobalSection
	GlobalSection(SolutionProperties) = preSolution
		HideSolutionNode = FALSE
	EndGlobalSection
	GlobalSection(ExtensibilityGlobals) = postSolution
		SolutionGuid = {31D1BB6F-9CC1-465D-AB0A-92FE15CC08CE}
	EndGlobalSection
EndGlobal
